# THIS IS AN AUTOGENERATED FILE. DO NOT EDIT THIS FILE DIRECTLY.
# yarn lockfile v1


"@babel/runtime@^7.0.0", "@babel/runtime@^7.1.2", "@babel/runtime@^7.4.5":
  version "7.5.5"
  resolved "https://registry.yarnpkg.com/@babel/runtime/-/runtime-7.5.5.tgz#74fba56d35efbeca444091c7850ccd494fd2f132"
  integrity sha512-28QvEGyQyNkB0/m2B4FU7IEZGK2NUrcMtT6BZEFALTguLk+AUT6ofsHtPk5QyjAdUkpMJ+/Em+quwz4HOt30AQ==
  dependencies:
    regenerator-runtime "^0.13.2"

"@types/prop-types@*":
  version "15.7.0"
  resolved "https://registry.yarnpkg.com/@types/prop-types/-/prop-types-15.7.0.tgz#4c48fed958d6dcf9487195a0ef6456d5f6e0163a"
  integrity sha512-eItQyV43bj4rR3JPV0Skpl1SncRCdziTEK9/v8VwXmV6d/qOUO8/EuWeHBbCZcsfSHfzI5UyMJLCSXtxxznyZg==

"@types/react@*":
  version "16.9.2"
  resolved "https://registry.yarnpkg.com/@types/react/-/react-16.9.2.tgz#6d1765431a1ad1877979013906731aae373de268"
  integrity sha512-jYP2LWwlh+FTqGd9v7ynUKZzjj98T8x7Yclz479QdRhHfuW9yQ+0jjnD31eXSXutmBpppj5PYNLYLRfnZJvcfg==
  dependencies:
    "@types/prop-types" "*"
    csstype "^2.2.0"

"@types/react@^16.8":
  version "16.8.4"
  resolved "https://registry.yarnpkg.com/@types/react/-/react-16.8.4.tgz#134307f5266e866d5e7c25e47f31f9abd5b2ea34"
  integrity sha512-Mpz1NNMJvrjf0GcDqiK8+YeOydXfD8Mgag3UtqQ5lXYTsMnOiHcKmO48LiSWMb1rSHB9MV/jlgyNzeAVxWMZRQ==
  dependencies:
    "@types/prop-types" "*"
    csstype "^2.2.0"

"@types/styletron-engine-atomic@^1.1.0":
  version "1.1.0"
  resolved "https://registry.yarnpkg.com/@types/styletron-engine-atomic/-/styletron-engine-atomic-1.1.0.tgz#aea5f44e946aa4641e576b13048a78e0efebdfc3"
  integrity sha512-wEU9lwW+sEZ7y8lRmPe2NLNeJzm7AgvK72CVE0iHoT1pyzS90O9APgxaN5E83p4h8ej7wOaS3swBZtvZ08B/LQ==
  dependencies:
    "@types/styletron-standard" "*"

"@types/styletron-react@^5.0.1":
  version "5.0.1"
  resolved "https://registry.yarnpkg.com/@types/styletron-react/-/styletron-react-5.0.1.tgz#2d0131bb1e498f4c8ec468b77bb0f6b2bcba59ea"
  integrity sha512-rOgsOZwRiRKQfxxM6cguh1Tk3vyLzOFxCq3CoDgAPp79qg6oK5VlF0gc9hnk9Tl4UYv0fKJRkJ+oy/UJk5x5PA==
  dependencies:
    "@types/react" "*"
    "@types/styletron-standard" "*"

"@types/styletron-standard@*", "@types/styletron-standard@^2.0.0":
  version "2.0.0"
  resolved "https://registry.yarnpkg.com/@types/styletron-standard/-/styletron-standard-2.0.0.tgz#fff4c89cb2cb1f6cc48699188fcea31a02191052"
  integrity sha512-TCNFfgWmGLyuthLVl55Bvw6xjdflrtJ43+CIB+UfumLDRDFdANPB5fnMP/gahepI/QUaLI0nVuZYfNq/MTCjdQ==
  dependencies:
    csstype "^2.6.4"

attr-accept@^1.1.3:
  version "1.1.3"
  resolved "https://registry.yarnpkg.com/attr-accept/-/attr-accept-1.1.3.tgz#48230c79f93790ef2775fcec4f0db0f5db41ca52"
  integrity sha512-iT40nudw8zmCweivz6j58g+RT33I4KbaIvRUhjNmDwO2WmsQUxFEZZYZ5w3vXe5x5MX9D7mfvA/XaLOZYFR9EQ==
  dependencies:
    core-js "^2.5.0"

babel-runtime@^6.26.0:
  version "6.26.0"
  resolved "https://registry.yarnpkg.com/babel-runtime/-/babel-runtime-6.26.0.tgz#965c7058668e82b55d7bfe04ff2337bc8b5647fe"
  integrity sha1-llxwWGaOgrVde/4E/yM3vItWR/4=
  dependencies:
    core-js "^2.4.0"
    regenerator-runtime "^0.11.0"

baseui@^9.5.1:
  version "9.5.1"
  resolved "https://registry.yarnpkg.com/baseui/-/baseui-9.5.1.tgz#41de42872148680fc096f21497f90dc09721d1af"
  integrity sha1-Qd5ChyFIaA/AlvIUl/kNwJch0a8=
  dependencies:
    card-validator "^6.1.0"
    date-fns "^2.3.0"
    just-extend "^4.0.2"
    memoize-one "^5.0.0"
    polished "^3.2.0"
    popper.js "^1.14.3"
    react-dropzone "^9.0.0"
    react-focus-lock "^1.9.1"
    react-input-mask "^2.0.4"
    react-is "^16.8.6"
    react-movable "^2.2.0"
    react-multi-ref "^1.0.0"
    react-range "^1.3.0"
    react-virtualized "^9.21.1"
    react-virtualized-auto-sizer "^1.0.2"
    react-window "^1.8.5"
    smoothscroll-polyfill "^0.4.3"
    timezone-support "^2.0.0"

card-validator@^6.1.0:
  version "6.2.0"
  resolved "https://registry.yarnpkg.com/card-validator/-/card-validator-6.2.0.tgz#59037c6480df5786473cab720f165ba868560e0b"
  integrity sha512-1vYv45JaE9NmixZr4dl6ykzbFKv7imI9L7MQDs235b/a7EGbG8rrEsipeHtVvscLSUbl3RX6UP5gyOe0Y2FlHA==
  dependencies:
    credit-card-type "^8.0.0"

clsx@^1.0.1:
  version "1.0.4"
  resolved "https://registry.yarnpkg.com/clsx/-/clsx-1.0.4.tgz#0c0171f6d5cb2fe83848463c15fcc26b4df8c2ec"
  integrity sha512-1mQ557MIZTrL/140j+JVdRM6e31/OA4vTYxXgqIIZlndyfjHpyawKZia1Im05Vp9BWmImkcNrNtFYQMyFcgJDg==

commander@2.20.0:
  version "2.20.0"
  resolved "https://registry.yarnpkg.com/commander/-/commander-2.20.0.tgz#d58bb2b5c1ee8f87b0d340027e9e94e222c5a422"
  integrity sha512-7j2y+40w61zy6YC2iRNpUe/NwhNyoXrYpHMrSunaMG64nRnaf96zO/KMQR4OyN/UnE5KLyEBnKHd4aG3rskjpQ==

core-js@^2.4.0, core-js@^2.5.0:
  version "2.6.9"
  resolved "https://registry.yarnpkg.com/core-js/-/core-js-2.6.9.tgz#6b4b214620c834152e179323727fc19741b084f2"
  integrity sha512-HOpZf6eXmnl7la+cUdMnLvUxKNqLUzJvgIziQ0DiF3JwSImNphIqdGqzj6hIKyX04MmV0poclQ7+wjWvxQyR2A==

credit-card-type@^8.0.0:
  version "8.2.0"
  resolved "https://registry.yarnpkg.com/credit-card-type/-/credit-card-type-8.2.0.tgz#507a43b257f0f3b8bd4d4b339a419741fc7e6236"
  integrity sha512-+1kZKW717eDTbZ1/EjkEi4+UrD2SygU2Iujn/VlrMHXloGW/y5GqPlQ/KgT4gaoDmWyufBfm/CAzNkpeccfMtA==

css-in-js-utils@^2.0.0:
  version "2.0.1"
  resolved "https://registry.yarnpkg.com/css-in-js-utils/-/css-in-js-utils-2.0.1.tgz#3b472b398787291b47cfe3e44fecfdd9e914ba99"
  integrity sha512-PJF0SpJT+WdbVVt0AOYp9C8GnuruRlL/UFW7932nLWmFLQTaWEzTBQEx7/hn4BuV+WON75iAViSUJLiU3PKbpA==
  dependencies:
    hyphenate-style-name "^1.0.2"
    isobject "^3.0.1"

csstype@2.6.5:
  version "2.6.5"
  resolved "https://registry.yarnpkg.com/csstype/-/csstype-2.6.5.tgz#1cd1dff742ebf4d7c991470ae71e12bb6751e034"
  integrity sha512-JsTaiksRsel5n7XwqPAfB0l3TFKdpjW/kgAELf9vrb5adGA7UCPLajKK5s3nFrcFm3Rkyp/Qkgl73ENc1UY3cA==

csstype@^2.2.0:
  version "2.6.1"
  resolved "https://registry.yarnpkg.com/csstype/-/csstype-2.6.1.tgz#4cfbf637a577497036ebcd7e32647ef19a0b8076"
  integrity sha512-wv7IRqCGsL7WGKB8gPvrl+++HlFM9kxAM6jL1EXNPNTshEJYilMkbfS2SnuHha77uosp/YVK0wAp2jmlBzn1tg==

csstype@^2.6.4:
  version "2.6.6"
  resolved "https://registry.yarnpkg.com/csstype/-/csstype-2.6.6.tgz#c34f8226a94bbb10c32cc0d714afdf942291fc41"
  integrity sha512-RpFbQGUE74iyPgvr46U9t1xoQBM8T4BL8SxrN66Le2xYAPSaDJJKeztV3awugusb3g3G9iL8StmkBBXhcbbXhg==

date-fns@^2.3.0:
  version "2.3.0"
  resolved "https://registry.yarnpkg.com/date-fns/-/date-fns-2.3.0.tgz#017eae725d0c46173b572da025fb5e4e534270fd"
  integrity sha1-AX6ucl0MRhc7Vy2gJfteTlNCcP0=

"dom-helpers@^2.4.0 || ^3.0.0":
  version "3.4.0"
  resolved "https://registry.yarnpkg.com/dom-helpers/-/dom-helpers-3.4.0.tgz#e9b369700f959f62ecde5a6babde4bccd9169af8"
  integrity sha512-LnuPJ+dwqKDIyotW1VzmOZ5TONUN7CwkCR5hrgawTUbkBGYdeoNLZo6nNfGkCrjtE1nXXaj7iMMpDa8/d9WoIA==
  dependencies:
    "@babel/runtime" "^7.1.2"

file-selector@^0.1.8:
  version "0.1.12"
  resolved "https://registry.yarnpkg.com/file-selector/-/file-selector-0.1.12.tgz#fe726547be219a787a9dcc640575a04a032b1fd0"
  integrity sha512-Kx7RTzxyQipHuiqyZGf+Nz4vY9R1XGxuQl/hLoJwq+J4avk/9wxxgZyHKtbyIPJmbD4A66DWGYfyykWNpcYutQ==
  dependencies:
    tslib "^1.9.0"

focus-lock@^0.6.3:
  version "0.6.5"
  resolved "https://registry.yarnpkg.com/focus-lock/-/focus-lock-0.6.5.tgz#f6eb37832a9b1b205406175f5277396a28c0fce1"
  integrity sha512-i/mVBOoa9o+tl+u9owOJUF8k8L85odZNIsctB+JAK2HFT8jckiBwmk+3uydlm6FN8czgnkIwQtBv6yyAbrzXjw==

hyphenate-style-name@^1.0.2:
  version "1.0.3"
  resolved "https://registry.yarnpkg.com/hyphenate-style-name/-/hyphenate-style-name-1.0.3.tgz#097bb7fa0b8f1a9cf0bd5c734cf95899981a9b48"
  integrity sha512-EcuixamT82oplpoJ2XU4pDtKGWQ7b00CD9f1ug9IaQ3p1bkHMiKCZ9ut9QDI6qsa6cpUuB+A/I+zLtdNK4n2DQ==

inline-style-prefixer@^5.1.0:
  version "5.1.0"
  resolved "https://registry.yarnpkg.com/inline-style-prefixer/-/inline-style-prefixer-5.1.0.tgz#cb63195f9456dcda25cf59743e45c4d9815b0811"
  integrity sha512-giteQHPMrApQOSjNSjteO5ZGSGMRf9gas14fRy2lg2buSc1nRnj6o6xuNds5cMTKrkncyrTu3gJn/yflFMVdmg==
  dependencies:
    css-in-js-utils "^2.0.0"

invariant@^2.2.4:
  version "2.2.4"
  resolved "https://registry.yarnpkg.com/invariant/-/invariant-2.2.4.tgz#610f3c92c9359ce1db616e538008d23ff35158e6"
  integrity sha512-phJfQVBuaJM5raOpJjSfkiD6BpbCE4Ns//LaXl6wGYtUBY83nWS6Rf9tXm2e8VaK60JEjYldbPif/A2B1C2gNA==
  dependencies:
    loose-envify "^1.0.0"

isobject@^3.0.1:
  version "3.0.1"
  resolved "https://registry.yarnpkg.com/isobject/-/isobject-3.0.1.tgz#4e431e92b11a9731636aa1f9c8d1ccbcfdab78df"
  integrity sha1-TkMekrEalzFjaqH5yNHMvP2reN8=

"js-tokens@^3.0.0 || ^4.0.0":
  version "4.0.0"
  resolved "https://registry.yarnpkg.com/js-tokens/-/js-tokens-4.0.0.tgz#19203fb59991df98e3a287050d4647cdeaf32499"
  integrity sha512-RdJUflcE3cUzKiMqQgsCu06FPu9UdIJO0beYbPhHN4k6apgJtifcoCtT9bcxOpYBtpD2kCM6Sbzg4CausW/PKQ==

just-extend@^4.0.2:
  version "4.0.2"
  resolved "https://registry.yarnpkg.com/just-extend/-/just-extend-4.0.2.tgz#f3f47f7dfca0f989c55410a7ebc8854b07108afc"
  integrity sha512-FrLwOgm+iXrPV+5zDU6Jqu4gCRXbWEQg2O3SKONsWE4w7AXFRkryS53bpWdaL9cNol+AmR3AEYz6kn+o0fCPnw==

linear-layout-vector@0.0.1:
  version "0.0.1"
  resolved "https://registry.yarnpkg.com/linear-layout-vector/-/linear-layout-vector-0.0.1.tgz#398114d7303b6ecc7fd6b273af7b8401d8ba9c70"
  integrity sha1-OYEU1zA7bsx/1rJzr3uEAdi6nHA=

loose-envify@^1.0.0, loose-envify@^1.3.0, loose-envify@^1.4.0:
  version "1.4.0"
  resolved "https://registry.yarnpkg.com/loose-envify/-/loose-envify-1.4.0.tgz#71ee51fa7be4caec1a63839f7e682d8132d30caf"
  integrity sha512-lyuxPGr/Wfhrlem2CL/UcnUc1zcqKAImBDzukY7Y5F/yQiNdko6+fRLevlw1HgMySw7f611UIY408EtxRSoK3Q==
  dependencies:
    js-tokens "^3.0.0 || ^4.0.0"

"memoize-one@>=3.1.1 <6":
  version "5.1.1"
  resolved "https://registry.yarnpkg.com/memoize-one/-/memoize-one-5.1.1.tgz#047b6e3199b508eaec03504de71229b8eb1d75c0"
  integrity sha1-BHtuMZm1COrsA1BN5xIpuOsddcA=

memoize-one@^5.0.0:
  version "5.0.5"
  resolved "https://registry.yarnpkg.com/memoize-one/-/memoize-one-5.0.5.tgz#8cd3809555723a07684afafcd6f756072ac75d7e"
  integrity sha512-ey6EpYv0tEaIbM/nTDOpHciXUvd+ackQrJgEzBwemhZZIWZjcyodqEcrmqDy2BKRTM3a65kKBV4WtLXJDt26SQ==

object-assign@^4.1.1:
  version "4.1.1"
  resolved "https://registry.yarnpkg.com/object-assign/-/object-assign-4.1.1.tgz#2109adc7965887cfc05cbbd442cac8bfbb360863"
  integrity sha1-IQmtx5ZYh8/AXLvUQsrIv7s2CGM=

object-hash@^1.3.1:
  version "1.3.1"
  resolved "https://registry.yarnpkg.com/object-hash/-/object-hash-1.3.1.tgz#fde452098a951cb145f039bb7d455449ddc126df"
  integrity sha512-OSuu/pU4ENM9kmREg0BdNrUDIl1heYa4mBZacJc+vVWz4GtAwu7jO8s4AIt2aGRUTqxykpWzI3Oqnsm13tTMDA==

polished@^3.2.0:
  version "3.4.1"
  resolved "https://registry.yarnpkg.com/polished/-/polished-3.4.1.tgz#1eb5597ec1792206365635811d465751f5cbf71c"
  integrity sha512-GflTnlP5rrpDoigjczEkS6Ye7NDA4sFvAnlr5hSDrEvjiVj97Xzev3hZlLi3UB27fpxyTS9rWU64VzVLWkG+mg==
  dependencies:
    "@babel/runtime" "^7.4.5"

popper.js@^1.14.3:
  version "1.15.0"
  resolved "https://registry.yarnpkg.com/popper.js/-/popper.js-1.15.0.tgz#5560b99bbad7647e9faa475c6b8056621f5a4ff2"
  integrity sha512-w010cY1oCUmI+9KwwlWki+r5jxKfTFDVoadl7MSrIujHU5MJ5OR6HTDj6Xo8aoR/QsA56x8jKjA59qGH4ELtrA==

prettier@^1.18.2:
  version "1.18.2"
  resolved "https://registry.yarnpkg.com/prettier/-/prettier-1.18.2.tgz#6823e7c5900017b4bd3acf46fe9ac4b4d7bda9ea"
  integrity sha512-OeHeMc0JhFE9idD4ZdtNibzY0+TPHSpSSb9h8FqtP+YnoZZ1sl8Vc9b1sasjfymH3SonAF4QcA2+mzHPhMvIiw==

prop-types-extra@^1.1.0:
  version "1.1.0"
  resolved "https://registry.yarnpkg.com/prop-types-extra/-/prop-types-extra-1.1.0.tgz#32609910ea2dcf190366bacd3490d5a6412a605f"
  integrity sha512-QFyuDxvMipmIVKD2TwxLVPzMnO4e5oOf1vr3tJIomL8E7d0lr6phTHd5nkPhFIzTD1idBLLEPeylL9g+rrTzRg==
  dependencies:
    react-is "^16.3.2"
    warning "^3.0.0"

prop-types@^15.6.0, prop-types@^15.6.2:
  version "15.7.2"
  resolved "https://registry.yarnpkg.com/prop-types/-/prop-types-15.7.2.tgz#52c41e75b8c87e72b9d9360e0206b99dcbffa6c5"
  integrity sha512-8QQikdH7//R2vurIJSutZ1smHYTcLpRWEOlHnzcWHmBYrOGUysKwSsrC89BCiFj3CbrfJ/nXFdJepOVrY1GCHQ==
  dependencies:
    loose-envify "^1.4.0"
    object-assign "^4.1.1"
    react-is "^16.8.1"

react-clientside-effect@^1.2.0:
  version "1.2.2"
  resolved "https://registry.yarnpkg.com/react-clientside-effect/-/react-clientside-effect-1.2.2.tgz#6212fb0e07b204e714581dd51992603d1accc837"
  integrity sha512-nRmoyxeok5PBO6ytPvSjKp9xwXg9xagoTK1mMjwnQxqM9Hd7MNPl+LS1bOSOe+CV2+4fnEquc7H/S8QD3q697A==
  dependencies:
    "@babel/runtime" "^7.0.0"

react-dropzone@^9.0.0:
  version "9.0.0"
  resolved "https://registry.yarnpkg.com/react-dropzone/-/react-dropzone-9.0.0.tgz#4f5223cdcb4d3bd8a66e3298c4041eb0c75c4634"
  integrity sha512-wZ2o9B2qkdE3RumWhfyZT9swgJYJPeU5qHEcMU8weYpmLex1eeWX0CC32/Y0VutB+BBi2D+iePV/YZIiB4kZGw==
  dependencies:
    attr-accept "^1.1.3"
    file-selector "^0.1.8"
    prop-types "^15.6.2"
    prop-types-extra "^1.1.0"

react-focus-lock@^1.9.1:
  version "1.19.1"
  resolved "https://registry.yarnpkg.com/react-focus-lock/-/react-focus-lock-1.19.1.tgz#2f3429793edaefe2d077121f973ce5a3c7a0651a"
  integrity sha512-TPpfiack1/nF4uttySfpxPk4rGZTLXlaZl7ncZg/ELAk24Iq2B1UUaUioID8H8dneUXqznT83JTNDHDj+kwryw==
  dependencies:
    "@babel/runtime" "^7.0.0"
    focus-lock "^0.6.3"
    prop-types "^15.6.2"
    react-clientside-effect "^1.2.0"

react-input-mask@^2.0.4:
  version "2.0.4"
  resolved "https://registry.yarnpkg.com/react-input-mask/-/react-input-mask-2.0.4.tgz#9ade5cf8196f4a856dbf010820fe75a795f3eb14"
  integrity sha512-1hwzMr/aO9tXfiroiVCx5EtKohKwLk/NT8QlJXHQ4N+yJJFyUuMT+zfTpLBwX/lK3PkuMlievIffncpMZ3HGRQ==
  dependencies:
    invariant "^2.2.4"
    warning "^4.0.2"

react-is@^16.3.2, react-is@^16.8.1, react-is@^16.8.6:
  version "16.9.0"
  resolved "https://registry.yarnpkg.com/react-is/-/react-is-16.9.0.tgz#21ca9561399aad0ff1a7701c01683e8ca981edcb"
  integrity sha512-tJBzzzIgnnRfEm046qRcURvwQnZVXmuCbscxUO5RWrGTXpon2d4c8mI0D8WE6ydVIm29JiLB6+RslkIvym9Rjw==

react-lifecycles-compat@^3.0.4:
  version "3.0.4"
  resolved "https://registry.yarnpkg.com/react-lifecycles-compat/-/react-lifecycles-compat-3.0.4.tgz#4f1a273afdfc8f3488a8c516bfda78f872352362"
  integrity sha512-fBASbA6LnOU9dOU2eW7aQ8xmYBSXUIWr+UmF9b1efZBazGNO+rcXT/icdKnYm2pTwcRylVUYwW7H1PHfLekVzA==

react-movable@^2.2.0:
  version "2.2.0"
  resolved "https://registry.yarnpkg.com/react-movable/-/react-movable-2.2.0.tgz#08e7de1290b4c0d847fe038debcd3cd0eff750bf"
  integrity sha512-hYv+vJ0pMXvemsnMgiDL7TH/muk1dGg9EHXH5tM6fFzdDmXGXlu8ijMErls9zYXzdZen/ghOUHBkBv4zC9EOyQ==

react-multi-ref@^1.0.0:
  version "1.0.0"
  resolved "https://registry.yarnpkg.com/react-multi-ref/-/react-multi-ref-1.0.0.tgz#6075731f82666ce9b59fa1a2763e8bb534202e7e"
  integrity sha512-LJuQXEabnv8JLcvcWeJcTogxG4eXVFiPfQ9CECuwWUbfJdrVpPf13m9RxmImyJS0J99BWokGn7dlR1dR06XPDw==
  dependencies:
    "@babel/runtime" "^7.1.2"

react-range@^1.3.0:
  version "1.3.0"
  resolved "https://registry.yarnpkg.com/react-range/-/react-range-1.3.0.tgz#68ded5396cf29b765a73a3dc85fe084ca84b8351"
  integrity sha512-FIVXwY0AIFoLRJRwDKlZtoLA1CZ4ONOtpmSoHwQRD5kMcakPfxpPqvLqHMN9R5lyJqkHO4ljUQdLX+P3vzxuNg==

react-virtualized-auto-sizer@^1.0.2:
  version "1.0.2"
  resolved "https://registry.yarnpkg.com/react-virtualized-auto-sizer/-/react-virtualized-auto-sizer-1.0.2.tgz#a61dd4f756458bbf63bd895a92379f9b70f803bd"
  integrity sha1-ph3U91ZFi79jvYlakjefm3D4A70=

react-virtualized@^9.21.1:
  version "9.21.1"
  resolved "https://registry.yarnpkg.com/react-virtualized/-/react-virtualized-9.21.1.tgz#4dbbf8f0a1420e2de3abf28fbb77120815277b3a"
  integrity sha512-E53vFjRRMCyUTEKuDLuGH1ld/9TFzjf/fFW816PE4HFXWZorESbSTYtiZz1oAjra0MminaUU1EnvUxoGuEFFPA==
  dependencies:
    babel-runtime "^6.26.0"
    clsx "^1.0.1"
    dom-helpers "^2.4.0 || ^3.0.0"
    linear-layout-vector "0.0.1"
    loose-envify "^1.3.0"
    prop-types "^15.6.0"
    react-lifecycles-compat "^3.0.4"

react-window@^1.8.5:
  version "1.8.5"
  resolved "https://registry.yarnpkg.com/react-window/-/react-window-1.8.5.tgz#a56b39307e79979721021f5d06a67742ecca52d1"
  integrity sha1-pWs5MH55l5chAh9dBqZ3QuzKUtE=
  dependencies:
    "@babel/runtime" "^7.0.0"
    memoize-one ">=3.1.1 <6"

reactn@^2.2.1:
  version "2.2.1"
  resolved "https://registry.yarnpkg.com/reactn/-/reactn-2.2.1.tgz#967632b4565940151bab97a84e75bf11fdec469a"
  integrity sha512-7jYGbEIkHWu+o+D/jyT62zcjteqQnWSk4o2APi0fUGEmn//SGAMbeFQqAzd3vGcQlz+vX5uirFbqp7uC2GdmmQ==
  dependencies:
    use-force-update "^1.0.5"

regenerator-runtime@^0.11.0:
  version "0.11.1"
  resolved "https://registry.yarnpkg.com/regenerator-runtime/-/regenerator-runtime-0.11.1.tgz#be05ad7f9bf7d22e056f9726cee5017fbf19e2e9"
  integrity sha512-MguG95oij0fC3QV3URf4V2SDYGJhJnJGqvIIgdECeODCT98wSWDAJ94SSuVpYQUoTcGUIL6L4yNB7j1DFFHSBg==

regenerator-runtime@^0.13.2:
  version "0.13.3"
  resolved "https://registry.yarnpkg.com/regenerator-runtime/-/regenerator-runtime-0.13.3.tgz#7cf6a77d8f5c6f60eb73c5fc1955b2ceb01e6bf5"
  integrity sha512-naKIZz2GQ8JWh///G7L3X6LaQUAMp2lvb1rvwwsURe/VXwD6VMfr+/1NuNw3ag8v2kY1aQ/go5SNn79O9JU7yw==

smoothscroll-polyfill@^0.4.3, smoothscroll-polyfill@^0.4.4:
  version "0.4.4"
  resolved "https://registry.yarnpkg.com/smoothscroll-polyfill/-/smoothscroll-polyfill-0.4.4.tgz#3a259131dc6930e6ca80003e1cb03b603b69abf8"
  integrity sha512-TK5ZA9U5RqCwMpfoMq/l1mrH0JAR7y7KRvOBx0n2869aLxch+gT9GhN3yUfjiw+d/DiF1mKo14+hd62JyMmoBg==

styletron-engine-atomic@^1.4.0:
  version "1.4.0"
  resolved "https://registry.yarnpkg.com/styletron-engine-atomic/-/styletron-engine-atomic-1.4.0.tgz#fad82091396c02d92c4f64ff299b054054da23ad"
  integrity sha512-JpJ8KF8i2FAb/ZGXdsiwpipgPiyn+mkatP9o5bnqfyijDrlNpfxGDEnW+nYxi0JDKvV7yqiPabVOD2ahi/CaDQ==
  dependencies:
    inline-style-prefixer "^5.1.0"
    styletron-standard "^3.0.0"

styletron-react@^5.2.0:
  version "5.2.0"
  resolved "https://registry.yarnpkg.com/styletron-react/-/styletron-react-5.2.0.tgz#670f276782fc65a64d9af3ae8f50da2935869ee4"
  integrity sha512-UX7Yvz7pUe9s0VRoShMAoFi9KJLfJMbbNFrwiK6rmjtjjA69yfrA75gGrb/BjUO003t3K/MDHInUg/uJb90PQQ==
  dependencies:
    prop-types "^15.6.0"
    styletron-standard "^3.0.0"

styletron-standard@^3.0.0:
  version "3.0.0"
  resolved "https://registry.yarnpkg.com/styletron-standard/-/styletron-standard-3.0.0.tgz#a6d75b4e1390331186ab6b01c69df391f1c7c277"
  integrity sha512-Rmx7os4JiowVaQz/51xJdyPNZ3pEdbyU00i8vFFbUPxPbmR1pcO70ZmiazOzFZz0W43tF2IcUlfE/GncNi1WqQ==
  dependencies:
    csstype "2.6.5"
    inline-style-prefixer "^5.1.0"

timezone-support@^2.0.0:
  version "2.0.2"
  resolved "https://registry.yarnpkg.com/timezone-support/-/timezone-support-2.0.2.tgz#801d6924478b1b60f09b90699ce1127a6044cbe7"
  integrity sha512-J/1PyHCX76vOPuJzCyHMQMH2wTjXCJ30R5EXaS/QTi+xYsL0thS0pubDrHCWnfG4zU1jpPJtctnBBRCOpcJZeQ==
  dependencies:
    commander "2.20.0"

tslib@^1.9.0:
  version "1.10.0"
  resolved "https://registry.yarnpkg.com/tslib/-/tslib-1.10.0.tgz#c3c19f95973fb0a62973fb09d90d961ee43e5c8a"
  integrity sha512-qOebF53frne81cf0S9B41ByenJ3/IuH8yJKngAX35CmiZySA0khhkovshKK+jGCaMnVomla7gVlIcc3EvKPbTQ==

use-force-update@^1.0.5:
  version "1.0.7"
  resolved "https://registry.yarnpkg.com/use-force-update/-/use-force-update-1.0.7.tgz#f5e672633f5a398b25c33b2287150918bcb3526b"
  integrity sha512-k5dppYhO+I5X/cd7ildbrzeMZJkWwdAh5adaIk0qKN2euh7J0h2GBGBcB4QZ385eyHHnp7LIygvebdRx3XKdwA==

warning@^3.0.0:
  version "3.0.0"
  resolved "https://registry.yarnpkg.com/warning/-/warning-3.0.0.tgz#32e5377cb572de4ab04753bdf8821c01ed605b7c"
  integrity sha1-MuU3fLVy3kqwR1O9+IIcAe1gW3w=
  dependencies:
    loose-envify "^1.0.0"

warning@^4.0.2:
  version "4.0.3"
  resolved "https://registry.yarnpkg.com/warning/-/warning-4.0.3.tgz#16e9e077eb8a86d6af7d64aa1e05fd85b4678ca3"
  integrity sha512-rpJyN222KWIvHJ/F53XSZv0Zl/accqHR8et1kpaMTD/fLCRxtV8iX8czMzY7sVZupTI3zcUTg8eycS2kNF9l6w==
  dependencies:
    loose-envify "^1.0.0"
